// !$*UTF8*$!
{
	archiveVersion = 1;
	classes = {
	};
	objectVersion = 46;
	objects = {

/* Begin PBXBuildFile section */
		200A7F56196C3C54005B0C01 /* randomStringMacro.m in Sources */ = {isa = PBXBuildFile; fileRef = 200A7F55196C3C54005B0C01 /* randomStringMacro.m */; };
		20311A08196ACD1C001A67C2 /* testTestSuite.tc in Resources */ = {isa = PBXBuildFile; fileRef = 20311A07196ACD1C001A67C2 /* testTestSuite.tc */; };
		20311A12196BE0DB001A67C2 /* TestHierarchyObject.m in Sources */ = {isa = PBXBuildFile; fileRef = 20311A11196BE0DB001A67C2 /* TestHierarchyObject.m */; };
		20311A15196BE0E3001A67C2 /* TestClassObject.m in Sources */ = {isa = PBXBuildFile; fileRef = 20311A14196BE0E3001A67C2 /* TestClassObject.m */; };
		20311A18196BEEFF001A67C2 /* TestExecutor.m in Sources */ = {isa = PBXBuildFile; fileRef = 20311A17196BEEFF001A67C2 /* TestExecutor.m */; };
		20311A1B196BEF84001A67C2 /* TestMacros.m in Sources */ = {isa = PBXBuildFile; fileRef = 20311A1A196BEF84001A67C2 /* TestMacros.m */; };
		20311A20196BF53C001A67C2 /* getSubclasses.m in Sources */ = {isa = PBXBuildFile; fileRef = 20311A1F196BF53C001A67C2 /* getSubclasses.m */; };
		20311A25196C0533001A67C2 /* LogMacros.m in Sources */ = {isa = PBXBuildFile; fileRef = 20311A24196C0533001A67C2 /* LogMacros.m */; };
		20311A28196C054D001A67C2 /* SendMacros.m in Sources */ = {isa = PBXBuildFile; fileRef = 20311A27196C054D001A67C2 /* SendMacros.m */; };
		20311A2B196C056A001A67C2 /* waitForMacros.m in Sources */ = {isa = PBXBuildFile; fileRef = 20311A2A196C056A001A67C2 /* waitForMacros.m */; };
		20311A2E196C0582001A67C2 /* TimeOutDecorator.m in Sources */ = {isa = PBXBuildFile; fileRef = 20311A2D196C0582001A67C2 /* TimeOutDecorator.m */; };
		20311A31196C059D001A67C2 /* FailSignalsDecorator.m in Sources */ = {isa = PBXBuildFile; fileRef = 20311A30196C059D001A67C2 /* FailSignalsDecorator.m */; };
		20311A34196C05C0001A67C2 /* OnFailDecorator.m in Sources */ = {isa = PBXBuildFile; fileRef = 20311A33196C05C0001A67C2 /* OnFailDecorator.m */; };
		203FA8741963D04E000EC003 /* commonLogics.m in Sources */ = {isa = PBXBuildFile; fileRef = 203FA8731963D04E000EC003 /* commonLogics.m */; };
		203FA8811963FE6F000EC003 /* builders.m in Sources */ = {isa = PBXBuildFile; fileRef = 203FA8801963FE6F000EC003 /* builders.m */; };
		203FA883196400E3000EC003 /* executors.m in Sources */ = {isa = PBXBuildFile; fileRef = 203FA882196400E3000EC003 /* executors.m */; };
		203FA88719642EAF000EC003 /* bridges.m in Sources */ = {isa = PBXBuildFile; fileRef = 203FA88619642EAF000EC003 /* bridges.m */; };
		203FA88A19642F74000EC003 /* TestManager.m in Sources */ = {isa = PBXBuildFile; fileRef = 203FA88919642F74000EC003 /* TestManager.m */; };
		203FA88C1964312E000EC003 /* fastLogin.tc in Resources */ = {isa = PBXBuildFile; fileRef = 203FA88B1964312E000EC003 /* fastLogin.tc */; };
		209BA01C195AC46E00B304DE /* Foundation.framework in Frameworks */ = {isa = PBXBuildFile; fileRef = 209BA01B195AC46E00B304DE /* Foundation.framework */; };
		209BA01E195AC46E00B304DE /* CoreGraphics.framework in Frameworks */ = {isa = PBXBuildFile; fileRef = 209BA01D195AC46E00B304DE /* CoreGraphics.framework */; };
		209BA020195AC46E00B304DE /* UIKit.framework in Frameworks */ = {isa = PBXBuildFile; fileRef = 209BA01F195AC46E00B304DE /* UIKit.framework */; };
		209BA026195AC46E00B304DE /* InfoPlist.strings in Resources */ = {isa = PBXBuildFile; fileRef = 209BA024195AC46E00B304DE /* InfoPlist.strings */; };
		209BA028195AC46E00B304DE /* main.m in Sources */ = {isa = PBXBuildFile; fileRef = 209BA027195AC46E00B304DE /* main.m */; };
		209BA02C195AC46E00B304DE /* AppDelegate.m in Sources */ = {isa = PBXBuildFile; fileRef = 209BA02B195AC46E00B304DE /* AppDelegate.m */; };
		209BA02F195AC46E00B304DE /* Main.storyboard in Resources */ = {isa = PBXBuildFile; fileRef = 209BA02D195AC46E00B304DE /* Main.storyboard */; };
		209BA032195AC46E00B304DE /* ViewController.m in Sources */ = {isa = PBXBuildFile; fileRef = 209BA031195AC46E00B304DE /* ViewController.m */; };
		209BA034195AC46E00B304DE /* Images.xcassets in Resources */ = {isa = PBXBuildFile; fileRef = 209BA033195AC46E00B304DE /* Images.xcassets */; };
		209BA03B195AC46E00B304DE /* XCTest.framework in Frameworks */ = {isa = PBXBuildFile; fileRef = 209BA03A195AC46E00B304DE /* XCTest.framework */; };
		209BA03C195AC46E00B304DE /* Foundation.framework in Frameworks */ = {isa = PBXBuildFile; fileRef = 209BA01B195AC46E00B304DE /* Foundation.framework */; };
		209BA03D195AC46E00B304DE /* UIKit.framework in Frameworks */ = {isa = PBXBuildFile; fileRef = 209BA01F195AC46E00B304DE /* UIKit.framework */; };
		209BA045195AC46E00B304DE /* InfoPlist.strings in Resources */ = {isa = PBXBuildFile; fileRef = 209BA043195AC46E00B304DE /* InfoPlist.strings */; };
		209BA047195AC46E00B304DE /* LangProTests.m in Sources */ = {isa = PBXBuildFile; fileRef = 209BA046195AC46E00B304DE /* LangProTests.m */; };
		209BA051195AC75300B304DE /* testCaseLang.ym in Sources */ = {isa = PBXBuildFile; fileRef = 209BA050195AC75300B304DE /* testCaseLang.ym */; settings = {COMPILER_FLAGS = "-b tcl"; }; };
		209BA053195AC75B00B304DE /* testCaseLang.lm in Sources */ = {isa = PBXBuildFile; fileRef = 209BA052195AC75B00B304DE /* testCaseLang.lm */; };
		209BA0CC1961400C00B304DE /* TestReader.m in Sources */ = {isa = PBXBuildFile; fileRef = 209BA0CB1961400C00B304DE /* TestReader.m */; };
		209BA0CE196144E000B304DE /* example.tc in Resources */ = {isa = PBXBuildFile; fileRef = 209BA0CD196144E000B304DE /* example.tc */; };
		209BA18B1962AC4B00B304DE /* tclGrammarLogics.m in Sources */ = {isa = PBXBuildFile; fileRef = 209BA18A1962AC4B00B304DE /* tclGrammarLogics.m */; };
		209BA192196334CE00B304DE /* testHierarchyLang.ym in Sources */ = {isa = PBXBuildFile; fileRef = 209BA191196334CE00B304DE /* testHierarchyLang.ym */; settings = {COMPILER_FLAGS = "-b thl"; }; };
		209BA194196334F000B304DE /* testHierarchyLang.lm in Sources */ = {isa = PBXBuildFile; fileRef = 209BA193196334F000B304DE /* testHierarchyLang.lm */; };
		209BA1971963351800B304DE /* thlGrammarLogics.m in Sources */ = {isa = PBXBuildFile; fileRef = 209BA1961963351800B304DE /* thlGrammarLogics.m */; };
		209BA1991963365700B304DE /* example.th in Resources */ = {isa = PBXBuildFile; fileRef = 209BA1981963365700B304DE /* example.th */; };
/* End PBXBuildFile section */

/* Begin PBXContainerItemProxy section */
		209BA03E195AC46E00B304DE /* PBXContainerItemProxy */ = {
			isa = PBXContainerItemProxy;
			containerPortal = 209BA010195AC46E00B304DE /* Project object */;
			proxyType = 1;
			remoteGlobalIDString = 209BA017195AC46E00B304DE;
			remoteInfo = LangPro;
		};
/* End PBXContainerItemProxy section */

/* Begin PBXFileReference section */
		200A7F54196C3C54005B0C01 /* randomStringMacro.h */ = {isa = PBXFileReference; fileEncoding = 4; lastKnownFileType = sourcecode.c.h; path = randomStringMacro.h; sourceTree = "<group>"; };
		200A7F55196C3C54005B0C01 /* randomStringMacro.m */ = {isa = PBXFileReference; fileEncoding = 4; lastKnownFileType = sourcecode.c.objc; path = randomStringMacro.m; sourceTree = "<group>"; };
		20311A07196ACD1C001A67C2 /* testTestSuite.tc */ = {isa = PBXFileReference; fileEncoding = 4; lastKnownFileType = text; path = testTestSuite.tc; sourceTree = "<group>"; };
		20311A10196BE0DB001A67C2 /* TestHierarchyObject.h */ = {isa = PBXFileReference; fileEncoding = 4; lastKnownFileType = sourcecode.c.h; path = TestHierarchyObject.h; sourceTree = "<group>"; };
		20311A11196BE0DB001A67C2 /* TestHierarchyObject.m */ = {isa = PBXFileReference; fileEncoding = 4; lastKnownFileType = sourcecode.c.objc; path = TestHierarchyObject.m; sourceTree = "<group>"; };
		20311A13196BE0E3001A67C2 /* TestClassObject.h */ = {isa = PBXFileReference; fileEncoding = 4; lastKnownFileType = sourcecode.c.h; path = TestClassObject.h; sourceTree = "<group>"; };
		20311A14196BE0E3001A67C2 /* TestClassObject.m */ = {isa = PBXFileReference; fileEncoding = 4; lastKnownFileType = sourcecode.c.objc; path = TestClassObject.m; sourceTree = "<group>"; };
		20311A16196BEEFF001A67C2 /* TestExecutor.h */ = {isa = PBXFileReference; fileEncoding = 4; lastKnownFileType = sourcecode.c.h; path = TestExecutor.h; sourceTree = "<group>"; };
		20311A17196BEEFF001A67C2 /* TestExecutor.m */ = {isa = PBXFileReference; fileEncoding = 4; lastKnownFileType = sourcecode.c.objc; path = TestExecutor.m; sourceTree = "<group>"; };
		20311A19196BEF84001A67C2 /* TestMacros.h */ = {isa = PBXFileReference; fileEncoding = 4; lastKnownFileType = sourcecode.c.h; path = TestMacros.h; sourceTree = "<group>"; };
		20311A1A196BEF84001A67C2 /* TestMacros.m */ = {isa = PBXFileReference; fileEncoding = 4; lastKnownFileType = sourcecode.c.objc; path = TestMacros.m; sourceTree = "<group>"; };
		20311A1E196BF530001A67C2 /* getSubclasses.h */ = {isa = PBXFileReference; lastKnownFileType = sourcecode.c.h; path = getSubclasses.h; sourceTree = "<group>"; };
		20311A1F196BF53C001A67C2 /* getSubclasses.m */ = {isa = PBXFileReference; fileEncoding = 4; lastKnownFileType = sourcecode.c.objc; path = getSubclasses.m; sourceTree = "<group>"; };
		20311A23196C0533001A67C2 /* LogMacros.h */ = {isa = PBXFileReference; fileEncoding = 4; lastKnownFileType = sourcecode.c.h; path = LogMacros.h; sourceTree = "<group>"; };
		20311A24196C0533001A67C2 /* LogMacros.m */ = {isa = PBXFileReference; fileEncoding = 4; lastKnownFileType = sourcecode.c.objc; path = LogMacros.m; sourceTree = "<group>"; };
		20311A26196C054D001A67C2 /* SendMacros.h */ = {isa = PBXFileReference; fileEncoding = 4; lastKnownFileType = sourcecode.c.h; path = SendMacros.h; sourceTree = "<group>"; };
		20311A27196C054D001A67C2 /* SendMacros.m */ = {isa = PBXFileReference; fileEncoding = 4; lastKnownFileType = sourcecode.c.objc; path = SendMacros.m; sourceTree = "<group>"; };
		20311A29196C056A001A67C2 /* waitForMacros.h */ = {isa = PBXFileReference; fileEncoding = 4; lastKnownFileType = sourcecode.c.h; path = waitForMacros.h; sourceTree = "<group>"; };
		20311A2A196C056A001A67C2 /* waitForMacros.m */ = {isa = PBXFileReference; fileEncoding = 4; lastKnownFileType = sourcecode.c.objc; path = waitForMacros.m; sourceTree = "<group>"; };
		20311A2C196C0582001A67C2 /* TimeOutDecorator.h */ = {isa = PBXFileReference; fileEncoding = 4; lastKnownFileType = sourcecode.c.h; path = TimeOutDecorator.h; sourceTree = "<group>"; };
		20311A2D196C0582001A67C2 /* TimeOutDecorator.m */ = {isa = PBXFileReference; fileEncoding = 4; lastKnownFileType = sourcecode.c.objc; path = TimeOutDecorator.m; sourceTree = "<group>"; };
		20311A2F196C059D001A67C2 /* FailSignalsDecorator.h */ = {isa = PBXFileReference; fileEncoding = 4; lastKnownFileType = sourcecode.c.h; path = FailSignalsDecorator.h; sourceTree = "<group>"; };
		20311A30196C059D001A67C2 /* FailSignalsDecorator.m */ = {isa = PBXFileReference; fileEncoding = 4; lastKnownFileType = sourcecode.c.objc; path = FailSignalsDecorator.m; sourceTree = "<group>"; };
		20311A32196C05C0001A67C2 /* OnFailDecorator.h */ = {isa = PBXFileReference; fileEncoding = 4; lastKnownFileType = sourcecode.c.h; path = OnFailDecorator.h; sourceTree = "<group>"; };
		20311A33196C05C0001A67C2 /* OnFailDecorator.m */ = {isa = PBXFileReference; fileEncoding = 4; lastKnownFileType = sourcecode.c.objc; path = OnFailDecorator.m; sourceTree = "<group>"; };
		203FA8721963D046000EC003 /* commonLogics.h */ = {isa = PBXFileReference; lastKnownFileType = sourcecode.c.h; path = commonLogics.h; sourceTree = "<group>"; };
		203FA8731963D04E000EC003 /* commonLogics.m */ = {isa = PBXFileReference; fileEncoding = 4; lastKnownFileType = sourcecode.c.objc; path = commonLogics.m; sourceTree = "<group>"; };
		203FA87F1963FE64000EC003 /* builders.h */ = {isa = PBXFileReference; lastKnownFileType = sourcecode.c.h; path = builders.h; sourceTree = "<group>"; };
		203FA8801963FE6F000EC003 /* builders.m */ = {isa = PBXFileReference; fileEncoding = 4; lastKnownFileType = sourcecode.c.objc; path = builders.m; sourceTree = "<group>"; };
		203FA882196400E3000EC003 /* executors.m */ = {isa = PBXFileReference; fileEncoding = 4; lastKnownFileType = sourcecode.c.objc; path = executors.m; sourceTree = "<group>"; };
		203FA884196400EE000EC003 /* executors.h */ = {isa = PBXFileReference; lastKnownFileType = sourcecode.c.h; path = executors.h; sourceTree = "<group>"; };
		203FA88519642EA6000EC003 /* bridges.h */ = {isa = PBXFileReference; lastKnownFileType = sourcecode.c.h; path = bridges.h; sourceTree = "<group>"; };
		203FA88619642EAF000EC003 /* bridges.m */ = {isa = PBXFileReference; fileEncoding = 4; lastKnownFileType = sourcecode.c.objc; path = bridges.m; sourceTree = "<group>"; };
		203FA88819642F74000EC003 /* TestManager.h */ = {isa = PBXFileReference; fileEncoding = 4; lastKnownFileType = sourcecode.c.h; path = TestManager.h; sourceTree = "<group>"; };
		203FA88919642F74000EC003 /* TestManager.m */ = {isa = PBXFileReference; fileEncoding = 4; lastKnownFileType = sourcecode.c.objc; path = TestManager.m; sourceTree = "<group>"; };
		203FA88B1964312E000EC003 /* fastLogin.tc */ = {isa = PBXFileReference; fileEncoding = 4; lastKnownFileType = text; path = fastLogin.tc; sourceTree = "<group>"; };
		209BA018195AC46E00B304DE /* LangPro.app */ = {isa = PBXFileReference; explicitFileType = wrapper.application; includeInIndex = 0; path = LangPro.app; sourceTree = BUILT_PRODUCTS_DIR; };
		209BA01B195AC46E00B304DE /* Foundation.framework */ = {isa = PBXFileReference; lastKnownFileType = wrapper.framework; name = Foundation.framework; path = System/Library/Frameworks/Foundation.framework; sourceTree = SDKROOT; };
		209BA01D195AC46E00B304DE /* CoreGraphics.framework */ = {isa = PBXFileReference; lastKnownFileType = wrapper.framework; name = CoreGraphics.framework; path = System/Library/Frameworks/CoreGraphics.framework; sourceTree = SDKROOT; };
		209BA01F195AC46E00B304DE /* UIKit.framework */ = {isa = PBXFileReference; lastKnownFileType = wrapper.framework; name = UIKit.framework; path = System/Library/Frameworks/UIKit.framework; sourceTree = SDKROOT; };
		209BA023195AC46E00B304DE /* LangPro-Info.plist */ = {isa = PBXFileReference; lastKnownFileType = text.plist.xml; path = "LangPro-Info.plist"; sourceTree = "<group>"; };
		209BA025195AC46E00B304DE /* en */ = {isa = PBXFileReference; lastKnownFileType = text.plist.strings; name = en; path = en.lproj/InfoPlist.strings; sourceTree = "<group>"; };
		209BA027195AC46E00B304DE /* main.m */ = {isa = PBXFileReference; lastKnownFileType = sourcecode.c.objc; path = main.m; sourceTree = "<group>"; };
		209BA029195AC46E00B304DE /* LangPro-Prefix.pch */ = {isa = PBXFileReference; lastKnownFileType = sourcecode.c.h; path = "LangPro-Prefix.pch"; sourceTree = "<group>"; };
		209BA02A195AC46E00B304DE /* AppDelegate.h */ = {isa = PBXFileReference; lastKnownFileType = sourcecode.c.h; path = AppDelegate.h; sourceTree = "<group>"; };
		209BA02B195AC46E00B304DE /* AppDelegate.m */ = {isa = PBXFileReference; lastKnownFileType = sourcecode.c.objc; path = AppDelegate.m; sourceTree = "<group>"; };
		209BA02E195AC46E00B304DE /* Base */ = {isa = PBXFileReference; lastKnownFileType = file.storyboard; name = Base; path = Base.lproj/Main.storyboard; sourceTree = "<group>"; };
		209BA030195AC46E00B304DE /* ViewController.h */ = {isa = PBXFileReference; lastKnownFileType = sourcecode.c.h; path = ViewController.h; sourceTree = "<group>"; };
		209BA031195AC46E00B304DE /* ViewController.m */ = {isa = PBXFileReference; lastKnownFileType = sourcecode.c.objc; path = ViewController.m; sourceTree = "<group>"; };
		209BA033195AC46E00B304DE /* Images.xcassets */ = {isa = PBXFileReference; lastKnownFileType = folder.assetcatalog; path = Images.xcassets; sourceTree = "<group>"; };
		209BA039195AC46E00B304DE /* LangProTests.xctest */ = {isa = PBXFileReference; explicitFileType = wrapper.cfbundle; includeInIndex = 0; path = LangProTests.xctest; sourceTree = BUILT_PRODUCTS_DIR; };
		209BA03A195AC46E00B304DE /* XCTest.framework */ = {isa = PBXFileReference; lastKnownFileType = wrapper.framework; name = XCTest.framework; path = Library/Frameworks/XCTest.framework; sourceTree = DEVELOPER_DIR; };
		209BA042195AC46E00B304DE /* LangProTests-Info.plist */ = {isa = PBXFileReference; lastKnownFileType = text.plist.xml; path = "LangProTests-Info.plist"; sourceTree = "<group>"; };
		209BA044195AC46E00B304DE /* en */ = {isa = PBXFileReference; lastKnownFileType = text.plist.strings; name = en; path = en.lproj/InfoPlist.strings; sourceTree = "<group>"; };
		209BA046195AC46E00B304DE /* LangProTests.m */ = {isa = PBXFileReference; lastKnownFileType = sourcecode.c.objc; path = LangProTests.m; sourceTree = "<group>"; };
		209BA050195AC75300B304DE /* testCaseLang.ym */ = {isa = PBXFileReference; fileEncoding = 4; lastKnownFileType = sourcecode.yacc; path = testCaseLang.ym; sourceTree = "<group>"; };
		209BA052195AC75B00B304DE /* testCaseLang.lm */ = {isa = PBXFileReference; fileEncoding = 4; lastKnownFileType = sourcecode.lex; path = testCaseLang.lm; sourceTree = "<group>"; };
		209BA054195C193700B304DE /* codeNode.h */ = {isa = PBXFileReference; fileEncoding = 4; lastKnownFileType = sourcecode.c.h; path = codeNode.h; sourceTree = "<group>"; };
		209BA0CA1961400C00B304DE /* TestReader.h */ = {isa = PBXFileReference; fileEncoding = 4; lastKnownFileType = sourcecode.c.h; path = TestReader.h; sourceTree = "<group>"; };
		209BA0CB1961400C00B304DE /* TestReader.m */ = {isa = PBXFileReference; fileEncoding = 4; lastKnownFileType = sourcecode.c.objc; path = TestReader.m; sourceTree = "<group>"; };
		209BA0CD196144E000B304DE /* example.tc */ = {isa = PBXFileReference; fileEncoding = 4; lastKnownFileType = text; path = example.tc; sourceTree = "<group>"; };
		209BA1891962AC4000B304DE /* tclGrammarLogics.h */ = {isa = PBXFileReference; lastKnownFileType = sourcecode.c.h; path = tclGrammarLogics.h; sourceTree = "<group>"; };
		209BA18A1962AC4B00B304DE /* tclGrammarLogics.m */ = {isa = PBXFileReference; fileEncoding = 4; lastKnownFileType = sourcecode.c.objc; path = tclGrammarLogics.m; sourceTree = "<group>"; };
		209BA191196334CE00B304DE /* testHierarchyLang.ym */ = {isa = PBXFileReference; fileEncoding = 4; lastKnownFileType = sourcecode.yacc; path = testHierarchyLang.ym; sourceTree = "<group>"; };
		209BA193196334F000B304DE /* testHierarchyLang.lm */ = {isa = PBXFileReference; fileEncoding = 4; lastKnownFileType = sourcecode.lex; path = testHierarchyLang.lm; sourceTree = "<group>"; };
		209BA1951963350E00B304DE /* thlGrammarLogics.h */ = {isa = PBXFileReference; lastKnownFileType = sourcecode.c.h; path = thlGrammarLogics.h; sourceTree = "<group>"; };
		209BA1961963351800B304DE /* thlGrammarLogics.m */ = {isa = PBXFileReference; fileEncoding = 4; lastKnownFileType = sourcecode.c.objc; path = thlGrammarLogics.m; sourceTree = "<group>"; };
		209BA1981963365700B304DE /* example.th */ = {isa = PBXFileReference; fileEncoding = 4; lastKnownFileType = text; path = example.th; sourceTree = "<group>"; };
/* End PBXFileReference section */

/* Begin PBXFrameworksBuildPhase section */
		209BA015195AC46E00B304DE /* Frameworks */ = {
			isa = PBXFrameworksBuildPhase;
			buildActionMask = 2147483647;
			files = (
				209BA01E195AC46E00B304DE /* CoreGraphics.framework in Frameworks */,
				209BA020195AC46E00B304DE /* UIKit.framework in Frameworks */,
				209BA01C195AC46E00B304DE /* Foundation.framework in Frameworks */,
			);
			runOnlyForDeploymentPostprocessing = 0;
		};
		209BA036195AC46E00B304DE /* Frameworks */ = {
			isa = PBXFrameworksBuildPhase;
			buildActionMask = 2147483647;
			files = (
				209BA03B195AC46E00B304DE /* XCTest.framework in Frameworks */,
				209BA03D195AC46E00B304DE /* UIKit.framework in Frameworks */,
				209BA03C195AC46E00B304DE /* Foundation.framework in Frameworks */,
			);
			runOnlyForDeploymentPostprocessing = 0;
		};
/* End PBXFrameworksBuildPhase section */

/* Begin PBXGroup section */
		20311A1D196BF51B001A67C2 /* utils */ = {
			isa = PBXGroup;
			children = (
				20311A1E196BF530001A67C2 /* getSubclasses.h */,
				20311A1F196BF53C001A67C2 /* getSubclasses.m */,
			);
			path = utils;
			sourceTree = "<group>";
		};
		20311A21196C050A001A67C2 /* TestSuite */ = {
			isa = PBXGroup;
			children = (
				20311A1D196BF51B001A67C2 /* utils */,
				203FA8781963E8B4000EC003 /* ObjcLogics */,
				203FA8711963D032000EC003 /* commonLogics */,
				209BA190196334A400B304DE /* testHierarchyLang */,
				209BA18F1963349500B304DE /* testCaseLang */,
			);
			path = TestSuite;
			sourceTree = "<group>";
		};
		20311A22196C0516001A67C2 /* exampleMacro */ = {
			isa = PBXGroup;
			children = (
				20311A23196C0533001A67C2 /* LogMacros.h */,
				20311A24196C0533001A67C2 /* LogMacros.m */,
				20311A26196C054D001A67C2 /* SendMacros.h */,
				20311A27196C054D001A67C2 /* SendMacros.m */,
				20311A29196C056A001A67C2 /* waitForMacros.h */,
				20311A2A196C056A001A67C2 /* waitForMacros.m */,
				200A7F54196C3C54005B0C01 /* randomStringMacro.h */,
				200A7F55196C3C54005B0C01 /* randomStringMacro.m */,
				20311A2C196C0582001A67C2 /* TimeOutDecorator.h */,
				20311A2D196C0582001A67C2 /* TimeOutDecorator.m */,
				20311A2F196C059D001A67C2 /* FailSignalsDecorator.h */,
				20311A30196C059D001A67C2 /* FailSignalsDecorator.m */,
				20311A32196C05C0001A67C2 /* OnFailDecorator.h */,
				20311A33196C05C0001A67C2 /* OnFailDecorator.m */,
			);
			path = exampleMacro;
			sourceTree = "<group>";
		};
		203FA8711963D032000EC003 /* commonLogics */ = {
			isa = PBXGroup;
			children = (
				209BA054195C193700B304DE /* codeNode.h */,
				203FA8721963D046000EC003 /* commonLogics.h */,
				203FA8731963D04E000EC003 /* commonLogics.m */,
				203FA87F1963FE64000EC003 /* builders.h */,
				203FA8801963FE6F000EC003 /* builders.m */,
				203FA884196400EE000EC003 /* executors.h */,
				203FA882196400E3000EC003 /* executors.m */,
			);
			path = commonLogics;
			sourceTree = "<group>";
		};
		203FA8781963E8B4000EC003 /* ObjcLogics */ = {
			isa = PBXGroup;
			children = (
				203FA88519642EA6000EC003 /* bridges.h */,
				203FA88619642EAF000EC003 /* bridges.m */,
				203FA88819642F74000EC003 /* TestManager.h */,
				203FA88919642F74000EC003 /* TestManager.m */,
				209BA0CA1961400C00B304DE /* TestReader.h */,
				209BA0CB1961400C00B304DE /* TestReader.m */,
				20311A16196BEEFF001A67C2 /* TestExecutor.h */,
				20311A17196BEEFF001A67C2 /* TestExecutor.m */,
				20311A19196BEF84001A67C2 /* TestMacros.h */,
				20311A1A196BEF84001A67C2 /* TestMacros.m */,
				20311A10196BE0DB001A67C2 /* TestHierarchyObject.h */,
				20311A11196BE0DB001A67C2 /* TestHierarchyObject.m */,
				20311A13196BE0E3001A67C2 /* TestClassObject.h */,
				20311A14196BE0E3001A67C2 /* TestClassObject.m */,
			);
			path = ObjcLogics;
			sourceTree = "<group>";
		};
		209BA00F195AC46E00B304DE = {
			isa = PBXGroup;
			children = (
				209BA021195AC46E00B304DE /* LangPro */,
				209BA040195AC46E00B304DE /* LangProTests */,
				209BA01A195AC46E00B304DE /* Frameworks */,
				209BA019195AC46E00B304DE /* Products */,
			);
			sourceTree = "<group>";
		};
		209BA019195AC46E00B304DE /* Products */ = {
			isa = PBXGroup;
			children = (
				209BA018195AC46E00B304DE /* LangPro.app */,
				209BA039195AC46E00B304DE /* LangProTests.xctest */,
			);
			name = Products;
			sourceTree = "<group>";
		};
		209BA01A195AC46E00B304DE /* Frameworks */ = {
			isa = PBXGroup;
			children = (
				209BA01B195AC46E00B304DE /* Foundation.framework */,
				209BA01D195AC46E00B304DE /* CoreGraphics.framework */,
				209BA01F195AC46E00B304DE /* UIKit.framework */,
				209BA03A195AC46E00B304DE /* XCTest.framework */,
			);
			name = Frameworks;
			sourceTree = "<group>";
		};
		209BA021195AC46E00B304DE /* LangPro */ = {
			isa = PBXGroup;
			children = (
				20311A22196C0516001A67C2 /* exampleMacro */,
				20311A21196C050A001A67C2 /* TestSuite */,
				209BA02A195AC46E00B304DE /* AppDelegate.h */,
				209BA02B195AC46E00B304DE /* AppDelegate.m */,
				209BA02D195AC46E00B304DE /* Main.storyboard */,
				209BA030195AC46E00B304DE /* ViewController.h */,
				209BA031195AC46E00B304DE /* ViewController.m */,
				209BA033195AC46E00B304DE /* Images.xcassets */,
				209BA022195AC46E00B304DE /* Supporting Files */,
			);
			path = LangPro;
			sourceTree = "<group>";
		};
		209BA022195AC46E00B304DE /* Supporting Files */ = {
			isa = PBXGroup;
			children = (
				209BA023195AC46E00B304DE /* LangPro-Info.plist */,
				209BA024195AC46E00B304DE /* InfoPlist.strings */,
				209BA027195AC46E00B304DE /* main.m */,
				209BA029195AC46E00B304DE /* LangPro-Prefix.pch */,
				209BA0CD196144E000B304DE /* example.tc */,
				209BA1981963365700B304DE /* example.th */,
				20311A07196ACD1C001A67C2 /* testTestSuite.tc */,
				203FA88B1964312E000EC003 /* fastLogin.tc */,
			);
			path = "Supporting Files";
			sourceTree = "<group>";
		};
		209BA040195AC46E00B304DE /* LangProTests */ = {
			isa = PBXGroup;
			children = (
				209BA046195AC46E00B304DE /* LangProTests.m */,
				209BA041195AC46E00B304DE /* Supporting Files */,
			);
			path = LangProTests;
			sourceTree = "<group>";
		};
		209BA041195AC46E00B304DE /* Supporting Files */ = {
			isa = PBXGroup;
			children = (
				209BA042195AC46E00B304DE /* LangProTests-Info.plist */,
				209BA043195AC46E00B304DE /* InfoPlist.strings */,
			);
			path = "Supporting Files";
			sourceTree = "<group>";
		};
		209BA18F1963349500B304DE /* testCaseLang */ = {
			isa = PBXGroup;
			children = (
				209BA050195AC75300B304DE /* testCaseLang.ym */,
				209BA052195AC75B00B304DE /* testCaseLang.lm */,
				209BA1891962AC4000B304DE /* tclGrammarLogics.h */,
				209BA18A1962AC4B00B304DE /* tclGrammarLogics.m */,
			);
			path = testCaseLang;
			sourceTree = "<group>";
		};
		209BA190196334A400B304DE /* testHierarchyLang */ = {
			isa = PBXGroup;
			children = (
				209BA191196334CE00B304DE /* testHierarchyLang.ym */,
				209BA193196334F000B304DE /* testHierarchyLang.lm */,
				209BA1951963350E00B304DE /* thlGrammarLogics.h */,
				209BA1961963351800B304DE /* thlGrammarLogics.m */,
			);
			path = testHierarchyLang;
			sourceTree = "<group>";
		};
/* End PBXGroup section */

/* Begin PBXNativeTarget section */
		209BA017195AC46E00B304DE /* LangPro */ = {
			isa = PBXNativeTarget;
			buildConfigurationList = 209BA04A195AC46E00B304DE /* Build configuration list for PBXNativeTarget "LangPro" */;
			buildPhases = (
				209BA014195AC46E00B304DE /* Sources */,
				209BA015195AC46E00B304DE /* Frameworks */,
				209BA016195AC46E00B304DE /* Resources */,
			);
			buildRules = (
			);
			dependencies = (
			);
			name = LangPro;
			productName = LangPro;
			productReference = 209BA018195AC46E00B304DE /* LangPro.app */;
			productType = "com.apple.product-type.application";
		};
		209BA038195AC46E00B304DE /* LangProTests */ = {
			isa = PBXNativeTarget;
			buildConfigurationList = 209BA04D195AC46E00B304DE /* Build configuration list for PBXNativeTarget "LangProTests" */;
			buildPhases = (
				209BA035195AC46E00B304DE /* Sources */,
				209BA036195AC46E00B304DE /* Frameworks */,
				209BA037195AC46E00B304DE /* Resources */,
			);
			buildRules = (
			);
			dependencies = (
				209BA03F195AC46E00B304DE /* PBXTargetDependency */,
			);
			name = LangProTests;
			productName = LangProTests;
			productReference = 209BA039195AC46E00B304DE /* LangProTests.xctest */;
			productType = "com.apple.product-type.bundle.unit-test";
		};
/* End PBXNativeTarget section */

/* Begin PBXProject section */
		209BA010195AC46E00B304DE /* Project object */ = {
			isa = PBXProject;
			attributes = {
				LastUpgradeCheck = 0510;
				ORGANIZATIONNAME = "Ivan Trifonov";
				TargetAttributes = {
					209BA038195AC46E00B304DE = {
						TestTargetID = 209BA017195AC46E00B304DE;
					};
				};
			};
			buildConfigurationList = 209BA013195AC46E00B304DE /* Build configuration list for PBXProject "LangPro" */;
			compatibilityVersion = "Xcode 3.2";
			developmentRegion = English;
			hasScannedForEncodings = 0;
			knownRegions = (
				en,
				Base,
			);
			mainGroup = 209BA00F195AC46E00B304DE;
			productRefGroup = 209BA019195AC46E00B304DE /* Products */;
			projectDirPath = "";
			projectRoot = "";
			targets = (
				209BA017195AC46E00B304DE /* LangPro */,
				209BA038195AC46E00B304DE /* LangProTests */,
			);
		};
/* End PBXProject section */

/* Begin PBXResourcesBuildPhase section */
		209BA016195AC46E00B304DE /* Resources */ = {
			isa = PBXResourcesBuildPhase;
			buildActionMask = 2147483647;
			files = (
				209BA034195AC46E00B304DE /* Images.xcassets in Resources */,
				209BA026195AC46E00B304DE /* InfoPlist.strings in Resources */,
				203FA88C1964312E000EC003 /* fastLogin.tc in Resources */,
				20311A08196ACD1C001A67C2 /* testTestSuite.tc in Resources */,
				209BA1991963365700B304DE /* example.th in Resources */,
				209BA02F195AC46E00B304DE /* Main.storyboard in Resources */,
				209BA0CE196144E000B304DE /* example.tc in Resources */,
			);
			runOnlyForDeploymentPostprocessing = 0;
		};
		209BA037195AC46E00B304DE /* Resources */ = {
			isa = PBXResourcesBuildPhase;
			buildActionMask = 2147483647;
			files = (
				209BA045195AC46E00B304DE /* InfoPlist.strings in Resources */,
			);
			runOnlyForDeploymentPostprocessing = 0;
		};
/* End PBXResourcesBuildPhase section */

/* Begin PBXSourcesBuildPhase section */
		209BA014195AC46E00B304DE /* Sources */ = {
			isa = PBXSourcesBuildPhase;
			buildActionMask = 2147483647;
			files = (
				200A7F56196C3C54005B0C01 /* randomStringMacro.m in Sources */,
				20311A31196C059D001A67C2 /* FailSignalsDecorator.m in Sources */,
				209BA053195AC75B00B304DE /* testCaseLang.lm in Sources */,
				20311A34196C05C0001A67C2 /* OnFailDecorator.m in Sources */,
				209BA051195AC75300B304DE /* testCaseLang.ym in Sources */,
				20311A20196BF53C001A67C2 /* getSubclasses.m in Sources */,
				209BA18B1962AC4B00B304DE /* tclGrammarLogics.m in Sources */,
				203FA88719642EAF000EC003 /* bridges.m in Sources */,
				209BA194196334F000B304DE /* testHierarchyLang.lm in Sources */,
				203FA8741963D04E000EC003 /* commonLogics.m in Sources */,
				20311A12196BE0DB001A67C2 /* TestHierarchyObject.m in Sources */,
				203FA8811963FE6F000EC003 /* builders.m in Sources */,
				20311A15196BE0E3001A67C2 /* TestClassObject.m in Sources */,
				209BA192196334CE00B304DE /* testHierarchyLang.ym in Sources */,
				20311A18196BEEFF001A67C2 /* TestExecutor.m in Sources */,
				20311A28196C054D001A67C2 /* SendMacros.m in Sources */,
				209BA1971963351800B304DE /* thlGrammarLogics.m in Sources */,
				203FA88A19642F74000EC003 /* TestManager.m in Sources */,
				20311A2E196C0582001A67C2 /* TimeOutDecorator.m in Sources */,
				209BA032195AC46E00B304DE /* ViewController.m in Sources */,
				203FA883196400E3000EC003 /* executors.m in Sources */,
				20311A2B196C056A001A67C2 /* waitForMacros.m in Sources */,
				20311A25196C0533001A67C2 /* LogMacros.m in Sources */,
				209BA0CC1961400C00B304DE /* TestReader.m in Sources */,
				209BA02C195AC46E00B304DE /* AppDelegate.m in Sources */,
				20311A1B196BEF84001A67C2 /* TestMacros.m in Sources */,
				209BA028195AC46E00B304DE /* main.m in Sources */,
			);
			runOnlyForDeploymentPostprocessing = 0;
		};
		209BA035195AC46E00B304DE /* Sources */ = {
			isa = PBXSourcesBuildPhase;
			buildActionMask = 2147483647;
			files = (
				209BA047195AC46E00B304DE /* LangProTests.m in Sources */,
			);
			runOnlyForDeploymentPostprocessing = 0;
		};
/* End PBXSourcesBuildPhase section */

/* Begin PBXTargetDependency section */
		209BA03F195AC46E00B304DE /* PBXTargetDependency */ = {
			isa = PBXTargetDependency;
			target = 209BA017195AC46E00B304DE /* LangPro */;
			targetProxy = 209BA03E195AC46E00B304DE /* PBXContainerItemProxy */;
		};
/* End PBXTargetDependency section */

/* Begin PBXVariantGroup section */
		209BA024195AC46E00B304DE /* InfoPlist.strings */ = {
			isa = PBXVariantGroup;
			children = (
				209BA025195AC46E00B304DE /* en */,
			);
			name = InfoPlist.strings;
			sourceTree = "<group>";
		};
		209BA02D195AC46E00B304DE /* Main.storyboard */ = {
			isa = PBXVariantGroup;
			children = (
				209BA02E195AC46E00B304DE /* Base */,
			);
			name = Main.storyboard;
			sourceTree = "<group>";
		};
		209BA043195AC46E00B304DE /* InfoPlist.strings */ = {
			isa = PBXVariantGroup;
			children = (
				209BA044195AC46E00B304DE /* en */,
			);
			name = InfoPlist.strings;
			sourceTree = "<group>";
		};
/* End PBXVariantGroup section */

/* Begin XCBuildConfiguration section */
		209BA048195AC46E00B304DE /* Debug */ = {
			isa = XCBuildConfiguration;
			buildSettings = {
				ALWAYS_SEARCH_USER_PATHS = NO;
				CLANG_CXX_LANGUAGE_STANDARD = "gnu++0x";
				CLANG_CXX_LIBRARY = "libc++";
				CLANG_ENABLE_MODULES = YES;
				CLANG_ENABLE_OBJC_ARC = YES;
				CLANG_WARN_BOOL_CONVERSION = YES;
				CLANG_WARN_CONSTANT_CONVERSION = YES;
				CLANG_WARN_DIRECT_OBJC_ISA_USAGE = YES_ERROR;
				CLANG_WARN_EMPTY_BODY = YES;
				CLANG_WARN_ENUM_CONVERSION = YES;
				CLANG_WARN_INT_CONVERSION = YES;
				CLANG_WARN_OBJC_ROOT_CLASS = YES_ERROR;
				CLANG_WARN__DUPLICATE_METHOD_MATCH = YES;
				"CODE_SIGN_IDENTITY[sdk=iphoneos*]" = "iPhone Developer";
				COPY_PHASE_STRIP = NO;
				GCC_C_LANGUAGE_STANDARD = gnu99;
				GCC_DYNAMIC_NO_PIC = NO;
				GCC_OPTIMIZATION_LEVEL = 0;
				GCC_PREPROCESSOR_DEFINITIONS = (
					"DEBUG=1",
					"$(inherited)",
				);
				GCC_SYMBOLS_PRIVATE_EXTERN = NO;
				GCC_WARN_64_TO_32_BIT_CONVERSION = YES;
				GCC_WARN_ABOUT_RETURN_TYPE = YES_ERROR;
				GCC_WARN_UNDECLARED_SELECTOR = YES;
				GCC_WARN_UNINITIALIZED_AUTOS = YES_AGGRESSIVE;
				GCC_WARN_UNUSED_FUNCTION = YES;
				GCC_WARN_UNUSED_VARIABLE = YES;
				IPHONEOS_DEPLOYMENT_TARGET = 7.1;
				ONLY_ACTIVE_ARCH = YES;
				SDKROOT = iphoneos;
			};
			name = Debug;
		};
		209BA049195AC46E00B304DE /* Release */ = {
			isa = XCBuildConfiguration;
			buildSettings = {
				ALWAYS_SEARCH_USER_PATHS = NO;
				CLANG_CXX_LANGUAGE_STANDARD = "gnu++0x";
				CLANG_CXX_LIBRARY = "libc++";
				CLANG_ENABLE_MODULES = YES;
				CLANG_ENABLE_OBJC_ARC = YES;
				CLANG_WARN_BOOL_CONVERSION = YES;
				CLANG_WARN_CONSTANT_CONVERSION = YES;
				CLANG_WARN_DIRECT_OBJC_ISA_USAGE = YES_ERROR;
				CLANG_WARN_EMPTY_BODY = YES;
				CLANG_WARN_ENUM_CONVERSION = YES;
				CLANG_WARN_INT_CONVERSION = YES;
				CLANG_WARN_OBJC_ROOT_CLASS = YES_ERROR;
				CLANG_WARN__DUPLICATE_METHOD_MATCH = YES;
				"CODE_SIGN_IDENTITY[sdk=iphoneos*]" = "iPhone Developer";
				COPY_PHASE_STRIP = YES;
				ENABLE_NS_ASSERTIONS = NO;
				GCC_C_LANGUAGE_STANDARD = gnu99;
				GCC_WARN_64_TO_32_BIT_CONVERSION = YES;
				GCC_WARN_ABOUT_RETURN_TYPE = YES_ERROR;
				GCC_WARN_UNDECLARED_SELECTOR = YES;
				GCC_WARN_UNINITIALIZED_AUTOS = YES_AGGRESSIVE;
				GCC_WARN_UNUSED_FUNCTION = YES;
				GCC_WARN_UNUSED_VARIABLE = YES;
				IPHONEOS_DEPLOYMENT_TARGET = 7.1;
				SDKROOT = iphoneos;
				VALIDATE_PRODUCT = YES;
			};
			name = Release;
		};
		209BA04B195AC46E00B304DE /* Debug */ = {
			isa = XCBuildConfiguration;
			buildSettings = {
				ASSETCATALOG_COMPILER_APPICON_NAME = AppIcon;
				ASSETCATALOG_COMPILER_LAUNCHIMAGE_NAME = LaunchImage;
				GCC_PRECOMPILE_PREFIX_HEADER = YES;
				GCC_PREFIX_HEADER = "LangPro/Supporting Files/LangPro-Prefix.pch";
				INFOPLIST_FILE = "LangPro/Supporting Files/LangPro-Info.plist";
				PRODUCT_NAME = "$(TARGET_NAME)";
				WRAPPER_EXTENSION = app;
				YACCFLAGS = "-v -d -t";
				YACC_GENERATED_FILE_STEM = InputFileStem;
				YACC_GENERATE_DEBUGGING_DIRECTIVES = NO;
			};
			name = Debug;
		};
		209BA04C195AC46E00B304DE /* Release */ = {
			isa = XCBuildConfiguration;
			buildSettings = {
				ASSETCATALOG_COMPILER_APPICON_NAME = AppIcon;
				ASSETCATALOG_COMPILER_LAUNCHIMAGE_NAME = LaunchImage;
				GCC_PRECOMPILE_PREFIX_HEADER = YES;
				GCC_PREFIX_HEADER = "LangPro/Supporting Files/LangPro-Prefix.pch";
				INFOPLIST_FILE = "LangPro/Supporting Files/LangPro-Info.plist";
				PRODUCT_NAME = "$(TARGET_NAME)";
				WRAPPER_EXTENSION = app;
				YACCFLAGS = "-v -d -t";
				YACC_GENERATED_FILE_STEM = InputFileStem;
				YACC_GENERATE_DEBUGGING_DIRECTIVES = NO;
			};
			name = Release;
		};
		209BA04E195AC46E00B304DE /* Debug */ = {
			isa = XCBuildConfiguration;
			buildSettings = {
				BUNDLE_LOADER = "$(BUILT_PRODUCTS_DIR)/LangPro.app/LangPro";
				FRAMEWORK_SEARCH_PATHS = (
					"$(SDKROOT)/Developer/Library/Frameworks",
					"$(inherited)",
					"$(DEVELOPER_FRAMEWORKS_DIR)",
				);
				GCC_PRECOMPILE_PREFIX_HEADER = YES;
				GCC_PREFIX_HEADER = "LangPro/Supporting Files/LangPro-Prefix.pch";
				GCC_PREPROCESSOR_DEFINITIONS = (
					"DEBUG=1",
					"$(inherited)",
				);
				INFOPLIST_FILE = "LangProTests/Supporting Files/LangProTests-Info.plist";
				PRODUCT_NAME = "$(TARGET_NAME)";
				TEST_HOST = "$(BUNDLE_LOADER)";
				WRAPPER_EXTENSION = xctest;
			};
			name = Debug;
		};
		209BA04F195AC46E00B304DE /* Release */ = {
			isa = XCBuildConfiguration;
			buildSettings = {
				BUNDLE_LOADER = "$(BUILT_PRODUCTS_DIR)/LangPro.app/LangPro";
				FRAMEWORK_SEARCH_PATHS = (
					"$(SDKROOT)/Developer/Library/Frameworks",
					"$(inherited)",
					"$(DEVELOPER_FRAMEWORKS_DIR)",
				);
				GCC_PRECOMPILE_PREFIX_HEADER = YES;
				GCC_PREFIX_HEADER = "LangPro/Supporting Files/LangPro-Prefix.pch";
				INFOPLIST_FILE = "LangProTests/Supporting Files/LangProTests-Info.plist";
				PRODUCT_NAME = "$(TARGET_NAME)";
				TEST_HOST = "$(BUNDLE_LOADER)";
				WRAPPER_EXTENSION = xctest;
			};
			name = Release;
		};
/* End XCBuildConfiguration section */

/* Begin XCConfigurationList section */
		209BA013195AC46E00B304DE /* Build configuration list for PBXProject "LangPro" */ = {
			isa = XCConfigurationList;
			buildConfigurations = (
				209BA048195AC46E00B304DE /* Debug */,
				209BA049195AC46E00B304DE /* Release */,
			);
			defaultConfigurationIsVisible = 0;
			defaultConfigurationName = Release;
		};
		209BA04A195AC46E00B304DE /* Build configuration list for PBXNativeTarget "LangPro" */ = {
			isa = XCConfigurationList;
			buildConfigurations = (
				209BA04B195AC46E00B304DE /* Debug */,
				209BA04C195AC46E00B304DE /* Release */,
			);
			defaultConfigurationIsVisible = 0;
			defaultConfigurationName = Release;
		};
		209BA04D195AC46E00B304DE /* Build configuration list for PBXNativeTarget "LangProTests" */ = {
			isa = XCConfigurationList;
			buildConfigurations = (
				209BA04E195AC46E00B304DE /* Debug */,
				209BA04F195AC46E00B304DE /* Release */,
			);
			defaultConfigurationIsVisible = 0;
			defaultConfigurationName = Release;
		};
/* End XCConfigurationList section */
	};
	rootObject = 209BA010195AC46E00B304DE /* Project object */;
}
